{
  "version": 4,
  "terraform_version": "1.4.0",
  "serial": 1,
  "lineage": "6827cba5-d181-eba0-7762-844787aa1eca",
  "outputs": {},
  "resources": [
    {
      "mode": "managed",
      "type": "local_file",
      "name": "exemplo",
      "provider": "provider[\"registry.terraform.io/hashicorp/local\"]",
      "instances": [
        {
          "schema_version": 0,
          "attributes": {
            "content": "Giovani Trevisol",
            "content_base64": null,
            "content_base64sha256": "fD7B2/n/fF0oi49zTdNI4sDfj77qAVKhuBsMQMXHbE8=",
            "content_base64sha512": "QH7AyxvSyB6ZwtU2u7slggPLdeuM/Z0RMhX2WUgRknDK2qD9rj7bDNPGWVnVK8gEzz0WHg00A7KFxvxWbeLolA==",
            "content_md5": "0e79354b41daff0e28ccd8ff0aac0c2a",
            "content_sha1": "af68bd250e5efd73fe207a1b0ad736a6819ca5fc",
            "content_sha256": "7c3ec1dbf9ff7c5d288b8f734dd348e2c0df8fbeea0152a1b81b0c40c5c76c4f",
            "content_sha512": "407ec0cb1bd2c81e99c2d536bbbb258203cb75eb8cfd9d113215f65948119270cadaa0fdae3edb0cd3c65959d52bc804cf3d161e0d3403b285c6fc566de2e894",
            "directory_permission": "0777",
            "file_permission": "0777",
            "filename": "exemplo.txt",
            "id": "af68bd250e5efd73fe207a1b0ad736a6819ca5fc",
            "sensitive_content": null,
            "source": null
          },
          "sensitive_attributes": []
        }
      ]
    }
  ],
  "check_results": null
}
